
Microsoft Visual Studio Solution File, Format Version 12.00
# Visual Studio Version 17
VisualStudioVersion = 17.4.33205.214
MinimumVisualStudioVersion = 10.0.40219.1
Project("{FAE04EC0-301F-11D3-BF4B-00C04F79EFBC}") = "reachy2_sdk_api", "reachy2_sdk_api\reachy2_sdk_api.csproj", "{8C2EB075-4A32-4CAA-8AB8-F2764E8CF3B4}"
EndProject
Global
	GlobalSection(SolutionConfigurationPlatforms) = preSolution
		Debug|Any CPU = Debug|Any CPU
		Release|Any CPU = Release|Any CPU
	EndGlobalSection
	GlobalSection(ProjectConfigurationPlatforms) = postSolution
		{8C2EB075-4A32-4CAA-8AB8-F2764E8CF3B4}.Debug|Any CPU.ActiveCfg = Debug|Any CPU
		{8C2EB075-4A32-4CAA-8AB8-F2764E8CF3B4}.Debug|Any CPU.Build.0 = Debug|Any CPU
		{8C2EB075-4A32-4CAA-8AB8-F2764E8CF3B4}.Release|Any CPU.ActiveCfg = Release|Any CPU
		{8C2EB075-4A32-4CAA-8AB8-F2764E8CF3B4}.Release|Any CPU.Build.0 = Release|Any CPU
	EndGlobalSection
	GlobalSection(SolutionProperties) = preSolution
		HideSolutionNode = FALSE
	EndGlobalSection
	GlobalSection(ExtensibilityGlobals) = postSolution
		SolutionGuid = {C9CAAF77-33F5-4686-89CD-40BA2C1E4787}
	EndGlobalSection
EndGlobal
